{
  "name": "@quizzy/base",
  "version": "1.0.0",
  "lockfileVersion": 3,
  "requires": true,
  "packages": {
    "": {
      "name": "@quizzy/base",
      "version": "1.0.0",
      "license": "ISC",
      "dependencies": {
        "@quizzy/base": "file:",
        "base64-js": "^1.5.1",
        "franc": "^6.2.0",
        "i18next": "^24.2.2",
        "i18next-browser-languagedetector": "^8.0.4",
        "idb": "^8.0.2",
        "jieba-wasm": "^2.2.0",
        "quick-lru": "^7.0.0",
        "random-js": "^2.1.0",
        "react-i18next": "^15.4.1",
        "stopwords-ja": "^0.2.0",
        "tiny-segmenter": "^0.2.0",
        "trie-search": "^2.2.0",
        "uuid": "^11.1.0"
      },
      "devDependencies": {
        "@types/random-js": "^2.0.0",
        "@types/tiny-segmenter": "^0.2.0",
        "typescript": "^5.8.2"
      }
    },
    "node_modules/@babel/runtime": {
      "version": "7.26.0",
      "resolved": "https://registry.npmjs.org/@babel/runtime/-/runtime-7.26.0.tgz",
      "integrity": "sha512-FDSOghenHTiToteC/QRlv2q3DhPZ/oOXTBoirfWNx1Cx3TMVcGWQtMMmQcSvb/JjpNeGzx8Pq/b4fKEJuWm1sw==",
      "license": "MIT",
      "dependencies": {
        "regenerator-runtime": "^0.14.0"
      },
      "engines": {
        "node": ">=6.9.0"
      }
    },
    "node_modules/@quizzy/base": {
      "resolved": "",
      "link": true
    },
    "node_modules/@types/random-js": {
      "version": "2.0.0",
      "resolved": "https://registry.npmjs.org/@types/random-js/-/random-js-2.0.0.tgz",
      "integrity": "sha512-w5SYoPRTO1mnPbk6A7BRvptNnGtil/F8JKq8IsNq3aPy4gStcUWqO/MwVhUrrumDdMPKCpgv44mP6UToEe3v7g==",
      "deprecated": "This is a stub types definition. random-js provides its own type definitions, so you do not need this installed.",
      "dev": true,
      "license": "MIT",
      "dependencies": {
        "random-js": "*"
      }
    },
    "node_modules/@types/tiny-segmenter": {
      "version": "0.2.0",
      "resolved": "https://registry.npmjs.org/@types/tiny-segmenter/-/tiny-segmenter-0.2.0.tgz",
      "integrity": "sha512-OB8ybmyWznBTmXI2XiM5IgQFYrFsLp4ToGVJGOd49osZRB/ENFMUgqUyOfeXGdczMBny1qzCj8PG/SJPmMybCA==",
      "dev": true,
      "license": "MIT"
    },
    "node_modules/base64-js": {
      "version": "1.5.1",
      "resolved": "https://registry.npmjs.org/base64-js/-/base64-js-1.5.1.tgz",
      "integrity": "sha512-AKpaYlHn8t4SVbOHCy+b5+KKgvR4vrsD8vbvrbiQJps7fKDTkjkDry6ji0rUJjC0kzbNePLwzxq8iypo41qeWA==",
      "funding": [
        {
          "type": "github",
          "url": "https://github.com/sponsors/feross"
        },
        {
          "type": "patreon",
          "url": "https://www.patreon.com/feross"
        },
        {
          "type": "consulting",
          "url": "https://feross.org/support"
        }
      ],
      "license": "MIT"
    },
    "node_modules/charenc": {
      "version": "0.0.2",
      "resolved": "https://registry.npmjs.org/charenc/-/charenc-0.0.2.tgz",
      "integrity": "sha512-yrLQ/yVUFXkzg7EDQsPieE/53+0RlaWTs+wBrvW36cyilJ2SaDWfl4Yj7MtLTXleV9uEKefbAGUPv2/iWSooRA==",
      "license": "BSD-3-Clause",
      "engines": {
        "node": "*"
      }
    },
    "node_modules/collapse-white-space": {
      "version": "2.1.0",
      "resolved": "https://registry.npmjs.org/collapse-white-space/-/collapse-white-space-2.1.0.tgz",
      "integrity": "sha512-loKTxY1zCOuG4j9f6EPnuyyYkf58RnhhWTvRoZEokgB+WbdXehfjFviyOVYkqzEWz1Q5kRiZdBYS5SwxbQYwzw==",
      "license": "MIT",
      "funding": {
        "type": "github",
        "url": "https://github.com/sponsors/wooorm"
      }
    },
    "node_modules/crypt": {
      "version": "0.0.2",
      "resolved": "https://registry.npmjs.org/crypt/-/crypt-0.0.2.tgz",
      "integrity": "sha512-mCxBlsHFYh9C+HVpiEacem8FEBnMXgU9gy4zmNC+SXAZNB/1idgp/aulFJ4FgCi7GPEVbfyng092GqL2k2rmow==",
      "license": "BSD-3-Clause",
      "engines": {
        "node": "*"
      }
    },
    "node_modules/franc": {
      "version": "6.2.0",
      "resolved": "https://registry.npmjs.org/franc/-/franc-6.2.0.tgz",
      "integrity": "sha512-rcAewP7PSHvjq7Kgd7dhj82zE071kX5B4W1M4ewYMf/P+i6YsDQmj62Xz3VQm9zyUzUXwhIde/wHLGCMrM+yGg==",
      "license": "MIT",
      "dependencies": {
        "trigram-utils": "^2.0.0"
      },
      "funding": {
        "type": "github",
        "url": "https://github.com/sponsors/wooorm"
      }
    },
    "node_modules/hasharray": {
      "version": "1.1.2",
      "resolved": "https://registry.npmjs.org/hasharray/-/hasharray-1.1.2.tgz",
      "integrity": "sha512-7w3idwaVXX9gL9LiTCBSNKRGTBcp2WI/kf13UYeZ9+trOGBHVYHei6qtMY6DVnwGOouVUSRg0+L2xf4Q2/CmzA==",
      "license": "MIT",
      "dependencies": {
        "jclass": "^1.0.1"
      }
    },
    "node_modules/html-parse-stringify": {
      "version": "3.0.1",
      "resolved": "https://registry.npmjs.org/html-parse-stringify/-/html-parse-stringify-3.0.1.tgz",
      "integrity": "sha512-KknJ50kTInJ7qIScF3jeaFRpMpE8/lfiTdzf/twXyPBLAGrLRTmkz3AdTnKeh40X8k9L2fdYwEp/42WGXIRGcg==",
      "license": "MIT",
      "dependencies": {
        "void-elements": "3.1.0"
      }
    },
    "node_modules/i18next": {
      "version": "24.2.2",
      "resolved": "https://registry.npmjs.org/i18next/-/i18next-24.2.2.tgz",
      "integrity": "sha512-NE6i86lBCKRYZa5TaUDkU5S4HFgLIEJRLr3Whf2psgaxBleQ2LC1YW1Vc+SCgkAW7VEzndT6al6+CzegSUHcTQ==",
      "funding": [
        {
          "type": "individual",
          "url": "https://locize.com"
        },
        {
          "type": "individual",
          "url": "https://locize.com/i18next.html"
        },
        {
          "type": "individual",
          "url": "https://www.i18next.com/how-to/faq#i18next-is-awesome.-how-can-i-support-the-project"
        }
      ],
      "license": "MIT",
      "dependencies": {
        "@babel/runtime": "^7.23.2"
      },
      "peerDependencies": {
        "typescript": "^5"
      },
      "peerDependenciesMeta": {
        "typescript": {
          "optional": true
        }
      }
    },
    "node_modules/i18next-browser-languagedetector": {
      "version": "8.0.4",
      "resolved": "https://registry.npmjs.org/i18next-browser-languagedetector/-/i18next-browser-languagedetector-8.0.4.tgz",
      "integrity": "sha512-f3frU3pIxD50/Tz20zx9TD9HobKYg47fmAETb117GKGPrhwcSSPJDoCposXlVycVebQ9GQohC3Efbpq7/nnJ5w==",
      "license": "MIT",
      "dependencies": {
        "@babel/runtime": "^7.23.2"
      }
    },
    "node_modules/idb": {
      "version": "8.0.2",
      "resolved": "https://registry.npmjs.org/idb/-/idb-8.0.2.tgz",
      "integrity": "sha512-CX70rYhx7GDDQzwwQMDwF6kDRQi5vVs6khHUumDrMecBylKkwvZ8HWvKV08AGb7VbpoGCWUQ4aHzNDgoUiOIUg==",
      "license": "ISC"
    },
    "node_modules/is-buffer": {
      "version": "1.1.6",
      "resolved": "https://registry.npmjs.org/is-buffer/-/is-buffer-1.1.6.tgz",
      "integrity": "sha512-NcdALwpXkTm5Zvvbk7owOUSvVvBKDgKP5/ewfXEznmQFfs4ZRmanOeKBTjRVjka3QFoN6XJ+9F3USqfHqTaU5w==",
      "license": "MIT"
    },
    "node_modules/jclass": {
      "version": "1.2.1",
      "resolved": "https://registry.npmjs.org/jclass/-/jclass-1.2.1.tgz",
      "integrity": "sha512-mRx8uv1qJLOtxbRf3IWOQIH2ro7VIPn6ZkhbTcUJvJEslLzYA7BSATXDi/GR1yKYV9DASsjTZL+0YJPdqSMznw==",
      "license": "MIT",
      "engines": {
        "node": ">= 0.6"
      }
    },
    "node_modules/jieba-wasm": {
      "version": "2.2.0",
      "resolved": "https://registry.npmjs.org/jieba-wasm/-/jieba-wasm-2.2.0.tgz",
      "integrity": "sha512-IwxgUf+EMutjLair3k41i0ApM33qeHNY9EFBKlI5/XtHcISkGt5YPmUvpDJe3hUflwRYhy9g29ZzTetGZw6XgQ==",
      "license": "MIT"
    },
    "node_modules/md5": {
      "version": "2.3.0",
      "resolved": "https://registry.npmjs.org/md5/-/md5-2.3.0.tgz",
      "integrity": "sha512-T1GITYmFaKuO91vxyoQMFETst+O71VUPEU3ze5GNzDm0OWdP8v1ziTaAEPUr/3kLsY3Sftgz242A1SetQiDL7g==",
      "license": "BSD-3-Clause",
      "dependencies": {
        "charenc": "0.0.2",
        "crypt": "0.0.2",
        "is-buffer": "~1.1.6"
      }
    },
    "node_modules/n-gram": {
      "version": "2.0.2",
      "resolved": "https://registry.npmjs.org/n-gram/-/n-gram-2.0.2.tgz",
      "integrity": "sha512-S24aGsn+HLBxUGVAUFOwGpKs7LBcG4RudKU//eWzt/mQ97/NMKQxDWHyHx63UNWk/OOdihgmzoETn1tf5nQDzQ==",
      "license": "MIT",
      "funding": {
        "type": "github",
        "url": "https://github.com/sponsors/wooorm"
      }
    },
    "node_modules/quick-lru": {
      "version": "7.0.0",
      "resolved": "https://registry.npmjs.org/quick-lru/-/quick-lru-7.0.0.tgz",
      "integrity": "sha512-MX8gB7cVYTrYcFfAnfLlhRd0+Toyl8yX8uBx1MrX7K0jegiz9TumwOK27ldXrgDlHRdVi+MqU9Ssw6dr4BNreg==",
      "license": "MIT",
      "engines": {
        "node": ">=18"
      },
      "funding": {
        "url": "https://github.com/sponsors/sindresorhus"
      }
    },
    "node_modules/random-js": {
      "version": "2.1.0",
      "resolved": "https://registry.npmjs.org/random-js/-/random-js-2.1.0.tgz",
      "integrity": "sha512-CRUyWmnzmZBA7RZSVGq0xMqmgCyPPxbiKNLFA5ud7KenojVX2s7Gv+V7eB52beKTPGxWRnVZ7D/tCIgYJJ8vNQ==",
      "license": "MIT"
    },
    "node_modules/react": {
      "version": "19.0.0",
      "resolved": "https://registry.npmjs.org/react/-/react-19.0.0.tgz",
      "integrity": "sha512-V8AVnmPIICiWpGfm6GLzCR/W5FXLchHop40W4nXBmdlEceh16rCN8O8LNWm5bh5XUX91fh7KpA+W0TgMKmgTpQ==",
      "license": "MIT",
      "peer": true,
      "engines": {
        "node": ">=0.10.0"
      }
    },
    "node_modules/react-i18next": {
      "version": "15.4.1",
      "resolved": "https://registry.npmjs.org/react-i18next/-/react-i18next-15.4.1.tgz",
      "integrity": "sha512-ahGab+IaSgZmNPYXdV1n+OYky95TGpFwnKRflX/16dY04DsYYKHtVLjeny7sBSCREEcoMbAgSkFiGLF5g5Oofw==",
      "license": "MIT",
      "dependencies": {
        "@babel/runtime": "^7.25.0",
        "html-parse-stringify": "^3.0.1"
      },
      "peerDependencies": {
        "i18next": ">= 23.2.3",
        "react": ">= 16.8.0"
      },
      "peerDependenciesMeta": {
        "react-dom": {
          "optional": true
        },
        "react-native": {
          "optional": true
        }
      }
    },
    "node_modules/regenerator-runtime": {
      "version": "0.14.1",
      "resolved": "https://registry.npmjs.org/regenerator-runtime/-/regenerator-runtime-0.14.1.tgz",
      "integrity": "sha512-dYnhHh0nJoMfnkZs6GmmhFknAGRrLznOu5nc9ML+EJxGvrx6H7teuevqVqCuPcPK//3eDrrjQhehXVx9cnkGdw==",
      "license": "MIT"
    },
    "node_modules/stopwords-ja": {
      "version": "0.2.0",
      "resolved": "https://registry.npmjs.org/stopwords-ja/-/stopwords-ja-0.2.0.tgz",
      "integrity": "sha512-kLKSLEQ3/1TZOCtLwVlBir/oZxsnF1dK2XX2Xz8MS9w4Z1vjT4pPlQ0CJfVs+JvEyLs3JhVorxqdtmarFnmJ3w==",
      "license": "MIT",
      "engines": {
        "node": ">=0.10.0"
      }
    },
    "node_modules/tiny-segmenter": {
      "version": "0.2.0",
      "resolved": "https://registry.npmjs.org/tiny-segmenter/-/tiny-segmenter-0.2.0.tgz",
      "integrity": "sha512-m+aTJQ/CUBKurLaJRpLmJiwcL+Gpkzft5ZYnRU9AkuO45Y/k/2iJmuLEbN1XLrq6N3kDVyIUCCeqRzQx0feBag==",
      "license": "SEE LICENSE IN http://chasen.org/~taku/software/TinySegmenter/LICENCE.txt"
    },
    "node_modules/trie-search": {
      "version": "2.2.0",
      "resolved": "https://registry.npmjs.org/trie-search/-/trie-search-2.2.0.tgz",
      "integrity": "sha512-kvksu0z8rBRBr+7hvnyl2tvcpiqak80ozA+qYK+guuY1KtV85/s85ubLEjDU2TFflsNBGaYe8PLvvrdg6+sgCQ==",
      "license": "MIT",
      "dependencies": {
        "hasharray": "^1.1.1",
        "md5": "^2.3.0"
      }
    },
    "node_modules/trigram-utils": {
      "version": "2.0.1",
      "resolved": "https://registry.npmjs.org/trigram-utils/-/trigram-utils-2.0.1.tgz",
      "integrity": "sha512-nfWIXHEaB+HdyslAfMxSqWKDdmqY9I32jS7GnqpdWQnLH89r6A5sdk3fDVYqGAZ0CrT8ovAFSAo6HRiWcWNIGQ==",
      "license": "MIT",
      "dependencies": {
        "collapse-white-space": "^2.0.0",
        "n-gram": "^2.0.0"
      },
      "funding": {
        "type": "github",
        "url": "https://github.com/sponsors/wooorm"
      }
    },
    "node_modules/typescript": {
      "version": "5.8.2",
      "resolved": "https://registry.npmjs.org/typescript/-/typescript-5.8.2.tgz",
      "integrity": "sha512-aJn6wq13/afZp/jT9QZmwEjDqqvSGp1VT5GVg+f/t6/oVyrgXM6BY1h9BRh/O5p3PlUPAe+WuiEZOmb/49RqoQ==",
      "devOptional": true,
      "license": "Apache-2.0",
      "bin": {
        "tsc": "bin/tsc",
        "tsserver": "bin/tsserver"
      },
      "engines": {
        "node": ">=14.17"
      }
    },
    "node_modules/uuid": {
      "version": "11.1.0",
      "resolved": "https://registry.npmjs.org/uuid/-/uuid-11.1.0.tgz",
      "integrity": "sha512-0/A9rDy9P7cJ+8w1c9WD9V//9Wj15Ce2MPz8Ri6032usz+NfePxx5AcN3bN+r6ZL6jEo066/yNYB3tn4pQEx+A==",
      "funding": [
        "https://github.com/sponsors/broofa",
        "https://github.com/sponsors/ctavan"
      ],
      "license": "MIT",
      "bin": {
        "uuid": "dist/esm/bin/uuid"
      }
    },
    "node_modules/void-elements": {
      "version": "3.1.0",
      "resolved": "https://registry.npmjs.org/void-elements/-/void-elements-3.1.0.tgz",
      "integrity": "sha512-Dhxzh5HZuiHQhbvTW9AMetFfBHDMYpo23Uo9btPXgdYP+3T5S+p+jgNy7spra+veYhBP2dCSgxR/i2Y02h5/6w==",
      "license": "MIT",
      "engines": {
        "node": ">=0.10.0"
      }
    }
  }
}
